
Microsoft Visual Studio Solution File, Format Version 12.00
# Visual Studio Version 16
VisualStudioVersion = 16.0.31624.102
MinimumVisualStudioVersion = 10.0.40219.1
Project("{9A19103F-16F7-4668-BE54-9A1E7A4F7556}") = "162120012_AliSARI_DuzceUniversitesi_WebSitesi", "162120012_AliSARI_DuzceUniversitesi_WebSitesi\162120012_AliSARI_DuzceUniversitesi_WebSitesi.csproj", "{272DD2D4-C83B-4D9C-9741-169A5F88955C}"
EndProject
Global
	GlobalSection(SolutionConfigurationPlatforms) = preSolution
		Debug|Any CPU = Debug|Any CPU
		Release|Any CPU = Release|Any CPU
	EndGlobalSection
	GlobalSection(ProjectConfigurationPlatforms) = postSolution
		{272DD2D4-C83B-4D9C-9741-169A5F88955C}.Debug|Any CPU.ActiveCfg = Debug|Any CPU
		{272DD2D4-C83B-4D9C-9741-169A5F88955C}.Debug|Any CPU.Build.0 = Debug|Any CPU
		{272DD2D4-C83B-4D9C-9741-169A5F88955C}.Release|Any CPU.ActiveCfg = Release|Any CPU
		{272DD2D4-C83B-4D9C-9741-169A5F88955C}.Release|Any CPU.Build.0 = Release|Any CPU
	EndGlobalSection
	GlobalSection(SolutionProperties) = preSolution
		HideSolutionNode = FALSE
	EndGlobalSection
	GlobalSection(ExtensibilityGlobals) = postSolution
		SolutionGuid = {D014CA46-D5C2-4849-A808-50B15C3F66FD}
	EndGlobalSection
EndGlobal
